// !$*UTF8*$!
{
	archiveVersion = 1;
	classes = {
	};
	objectVersion = 56;
	objects = {

/* Begin PBXBuildFile section */
		B40AF1012B689FFD0058194C /* EssentialFeed.docc in Sources */ = {isa = PBXBuildFile; fileRef = B40AF1002B689FFD0058194C /* EssentialFeed.docc */; };
		B40AF1072B689FFE0058194C /* EssentialFeed.framework in Frameworks */ = {isa = PBXBuildFile; fileRef = B40AF0FC2B689FFD0058194C /* EssentialFeed.framework */; };
		B40AF10C2B689FFE0058194C /* EssentialFeedTests.swift in Sources */ = {isa = PBXBuildFile; fileRef = B40AF10B2B689FFE0058194C /* EssentialFeedTests.swift */; };
		B40AF10D2B689FFE0058194C /* EssentialFeed.h in Headers */ = {isa = PBXBuildFile; fileRef = B40AF0FF2B689FFD0058194C /* EssentialFeed.h */; settings = {ATTRIBUTES = (Public, ); }; };
		B40AF1172B68A0260058194C /* FeedItem.swift in Sources */ = {isa = PBXBuildFile; fileRef = B40AF1162B68A0260058194C /* FeedItem.swift */; };
		B40AF1192B68A1560058194C /* FeedLoader.swift in Sources */ = {isa = PBXBuildFile; fileRef = B40AF1182B68A1560058194C /* FeedLoader.swift */; };
		B40AF12B2B6927560058194C /* RemoteFeedLoaderTests.swift in Sources */ = {isa = PBXBuildFile; fileRef = B40AF1292B69274B0058194C /* RemoteFeedLoaderTests.swift */; };
		B40AF12E2B69AFA70058194C /* RemoteFeedLoader.swift in Sources */ = {isa = PBXBuildFile; fileRef = B40AF12D2B69AFA70058194C /* RemoteFeedLoader.swift */; };
		B40AF1302B71C3170058194C /* HTTPClient.swift in Sources */ = {isa = PBXBuildFile; fileRef = B40AF12F2B71C3170058194C /* HTTPClient.swift */; };
		B40AF1322B71C3D00058194C /* FeedItemMapper.swift in Sources */ = {isa = PBXBuildFile; fileRef = B40AF1312B71C3D00058194C /* FeedItemMapper.swift */; };
		B40AF1352B72D0AE0058194C /* URLSessionHTTPClientTests.swift in Sources */ = {isa = PBXBuildFile; fileRef = B40AF1342B72D0AE0058194C /* URLSessionHTTPClientTests.swift */; };
		B40AF1832B7C21900058194C /* XCTestCase+MemoryLeakTracking.swift in Sources */ = {isa = PBXBuildFile; fileRef = B40AF1822B7C21900058194C /* XCTestCase+MemoryLeakTracking.swift */; };
		B40AF1852B7D1FE90058194C /* URLSessionHTTPClient.swift in Sources */ = {isa = PBXBuildFile; fileRef = B40AF1842B7D1FE90058194C /* URLSessionHTTPClient.swift */; };
		B40AF18F2B7D4BB80058194C /* EssentialFeedAPIEndToEndTests.swift in Sources */ = {isa = PBXBuildFile; fileRef = B40AF18E2B7D4BB80058194C /* EssentialFeedAPIEndToEndTests.swift */; };
		B40AF1902B7D4BB80058194C /* EssentialFeed.framework in Frameworks */ = {isa = PBXBuildFile; fileRef = B40AF0FC2B689FFD0058194C /* EssentialFeed.framework */; };
		B4CECFD02B7FD07F00F7DC20 /* XCTestCase+MemoryLeakTracking.swift in Sources */ = {isa = PBXBuildFile; fileRef = B40AF1822B7C21900058194C /* XCTestCase+MemoryLeakTracking.swift */; };
/* End PBXBuildFile section */

/* Begin PBXContainerItemProxy section */
		B40AF1082B689FFE0058194C /* PBXContainerItemProxy */ = {
			isa = PBXContainerItemProxy;
			containerPortal = B40AF0F32B689FFD0058194C /* Project object */;
			proxyType = 1;
			remoteGlobalIDString = B40AF0FB2B689FFD0058194C;
			remoteInfo = EssentialFeed;
		};
		B40AF1912B7D4BB80058194C /* PBXContainerItemProxy */ = {
			isa = PBXContainerItemProxy;
			containerPortal = B40AF0F32B689FFD0058194C /* Project object */;
			proxyType = 1;
			remoteGlobalIDString = B40AF0FB2B689FFD0058194C;
			remoteInfo = EssentialFeed;
		};
/* End PBXContainerItemProxy section */

/* Begin PBXFileReference section */
		B40AF0FC2B689FFD0058194C /* EssentialFeed.framework */ = {isa = PBXFileReference; explicitFileType = wrapper.framework; includeInIndex = 0; path = EssentialFeed.framework; sourceTree = BUILT_PRODUCTS_DIR; };
		B40AF0FF2B689FFD0058194C /* EssentialFeed.h */ = {isa = PBXFileReference; lastKnownFileType = sourcecode.c.h; path = EssentialFeed.h; sourceTree = "<group>"; };
		B40AF1002B689FFD0058194C /* EssentialFeed.docc */ = {isa = PBXFileReference; lastKnownFileType = folder.documentationcatalog; path = EssentialFeed.docc; sourceTree = "<group>"; };
		B40AF1062B689FFE0058194C /* EssentialFeedTests.xctest */ = {isa = PBXFileReference; explicitFileType = wrapper.cfbundle; includeInIndex = 0; path = EssentialFeedTests.xctest; sourceTree = BUILT_PRODUCTS_DIR; };
		B40AF10B2B689FFE0058194C /* EssentialFeedTests.swift */ = {isa = PBXFileReference; lastKnownFileType = sourcecode.swift; path = EssentialFeedTests.swift; sourceTree = "<group>"; };
		B40AF1162B68A0260058194C /* FeedItem.swift */ = {isa = PBXFileReference; lastKnownFileType = sourcecode.swift; path = FeedItem.swift; sourceTree = "<group>"; };
		B40AF1182B68A1560058194C /* FeedLoader.swift */ = {isa = PBXFileReference; lastKnownFileType = sourcecode.swift; path = FeedLoader.swift; sourceTree = "<group>"; };
		B40AF1292B69274B0058194C /* RemoteFeedLoaderTests.swift */ = {isa = PBXFileReference; lastKnownFileType = sourcecode.swift; path = RemoteFeedLoaderTests.swift; sourceTree = "<group>"; };
		B40AF12D2B69AFA70058194C /* RemoteFeedLoader.swift */ = {isa = PBXFileReference; lastKnownFileType = sourcecode.swift; path = RemoteFeedLoader.swift; sourceTree = "<group>"; };
		B40AF12F2B71C3170058194C /* HTTPClient.swift */ = {isa = PBXFileReference; lastKnownFileType = sourcecode.swift; path = HTTPClient.swift; sourceTree = "<group>"; };
		B40AF1312B71C3D00058194C /* FeedItemMapper.swift */ = {isa = PBXFileReference; lastKnownFileType = sourcecode.swift; path = FeedItemMapper.swift; sourceTree = "<group>"; };
		B40AF1342B72D0AE0058194C /* URLSessionHTTPClientTests.swift */ = {isa = PBXFileReference; lastKnownFileType = sourcecode.swift; path = URLSessionHTTPClientTests.swift; sourceTree = "<group>"; };
		B40AF1822B7C21900058194C /* XCTestCase+MemoryLeakTracking.swift */ = {isa = PBXFileReference; lastKnownFileType = sourcecode.swift; path = "XCTestCase+MemoryLeakTracking.swift"; sourceTree = "<group>"; };
		B40AF1842B7D1FE90058194C /* URLSessionHTTPClient.swift */ = {isa = PBXFileReference; lastKnownFileType = sourcecode.swift; path = URLSessionHTTPClient.swift; sourceTree = "<group>"; };
		B40AF1862B7D235B0058194C /* EssentialFeed.xctestplan */ = {isa = PBXFileReference; lastKnownFileType = text; path = EssentialFeed.xctestplan; sourceTree = "<group>"; };
		B40AF18C2B7D4BB70058194C /* EssentialFeedAPIEndToEndTests.xctest */ = {isa = PBXFileReference; explicitFileType = wrapper.cfbundle; includeInIndex = 0; path = EssentialFeedAPIEndToEndTests.xctest; sourceTree = BUILT_PRODUCTS_DIR; };
		B40AF18E2B7D4BB80058194C /* EssentialFeedAPIEndToEndTests.swift */ = {isa = PBXFileReference; lastKnownFileType = sourcecode.swift; path = EssentialFeedAPIEndToEndTests.swift; sourceTree = "<group>"; };
		B4CECFD12B7FD27500F7DC20 /* CI.xctestplan */ = {isa = PBXFileReference; lastKnownFileType = text; path = CI.xctestplan; sourceTree = "<group>"; };
/* End PBXFileReference section */

/* Begin PBXFrameworksBuildPhase section */
		B40AF0F92B689FFD0058194C /* Frameworks */ = {
			isa = PBXFrameworksBuildPhase;
			buildActionMask = 2147483647;
			files = (
			);
			runOnlyForDeploymentPostprocessing = 0;
		};
		B40AF1032B689FFE0058194C /* Frameworks */ = {
			isa = PBXFrameworksBuildPhase;
			buildActionMask = 2147483647;
			files = (
				B40AF1072B689FFE0058194C /* EssentialFeed.framework in Frameworks */,
			);
			runOnlyForDeploymentPostprocessing = 0;
		};
		B40AF1892B7D4BB70058194C /* Frameworks */ = {
			isa = PBXFrameworksBuildPhase;
			buildActionMask = 2147483647;
			files = (
				B40AF1902B7D4BB80058194C /* EssentialFeed.framework in Frameworks */,
			);
			runOnlyForDeploymentPostprocessing = 0;
		};
/* End PBXFrameworksBuildPhase section */

/* Begin PBXGroup section */
		B40AF0F22B689FFD0058194C = {
			isa = PBXGroup;
			children = (
				B4CECFD12B7FD27500F7DC20 /* CI.xctestplan */,
				B40AF1862B7D235B0058194C /* EssentialFeed.xctestplan */,
				B40AF0FE2B689FFD0058194C /* EssentialFeed */,
				B40AF10A2B689FFE0058194C /* EssentialFeedTests */,
				B40AF18D2B7D4BB80058194C /* EssentialFeedAPIEndToEndTests */,
				B40AF0FD2B689FFD0058194C /* Products */,
			);
			sourceTree = "<group>";
		};
		B40AF0FD2B689FFD0058194C /* Products */ = {
			isa = PBXGroup;
			children = (
				B40AF0FC2B689FFD0058194C /* EssentialFeed.framework */,
				B40AF1062B689FFE0058194C /* EssentialFeedTests.xctest */,
				B40AF18C2B7D4BB70058194C /* EssentialFeedAPIEndToEndTests.xctest */,
			);
			name = Products;
			sourceTree = "<group>";
		};
		B40AF0FE2B689FFD0058194C /* EssentialFeed */ = {
			isa = PBXGroup;
			children = (
				B40AF0FF2B689FFD0058194C /* EssentialFeed.h */,
				B40AF12C2B69AF4C0058194C /* Feed API */,
				B40AF1002B689FFD0058194C /* EssentialFeed.docc */,
				B40AF11A2B68A21E0058194C /* Feed Feature */,
			);
			path = EssentialFeed;
			sourceTree = "<group>";
		};
		B40AF10A2B689FFE0058194C /* EssentialFeedTests */ = {
			isa = PBXGroup;
			children = (
				B40AF1332B72ADFE0058194C /* Feed API */,
				B40AF10B2B689FFE0058194C /* EssentialFeedTests.swift */,
			);
			path = EssentialFeedTests;
			sourceTree = "<group>";
		};
		B40AF11A2B68A21E0058194C /* Feed Feature */ = {
			isa = PBXGroup;
			children = (
				B40AF1162B68A0260058194C /* FeedItem.swift */,
				B40AF1182B68A1560058194C /* FeedLoader.swift */,
			);
			path = "Feed Feature";
			sourceTree = "<group>";
		};
		B40AF12C2B69AF4C0058194C /* Feed API */ = {
			isa = PBXGroup;
			children = (
				B40AF12D2B69AFA70058194C /* RemoteFeedLoader.swift */,
				B40AF12F2B71C3170058194C /* HTTPClient.swift */,
				B40AF1842B7D1FE90058194C /* URLSessionHTTPClient.swift */,
				B40AF1312B71C3D00058194C /* FeedItemMapper.swift */,
			);
			path = "Feed API";
			sourceTree = "<group>";
		};
		B40AF1332B72ADFE0058194C /* Feed API */ = {
			isa = PBXGroup;
			children = (
				B40AF1812B7C21410058194C /* Helpers */,
				B40AF1292B69274B0058194C /* RemoteFeedLoaderTests.swift */,
				B40AF1342B72D0AE0058194C /* URLSessionHTTPClientTests.swift */,
			);
			path = "Feed API";
			sourceTree = "<group>";
		};
		B40AF1812B7C21410058194C /* Helpers */ = {
			isa = PBXGroup;
			children = (
				B40AF1822B7C21900058194C /* XCTestCase+MemoryLeakTracking.swift */,
			);
			path = Helpers;
			sourceTree = "<group>";
		};
		B40AF18D2B7D4BB80058194C /* EssentialFeedAPIEndToEndTests */ = {
			isa = PBXGroup;
			children = (
				B40AF18E2B7D4BB80058194C /* EssentialFeedAPIEndToEndTests.swift */,
			);
			path = EssentialFeedAPIEndToEndTests;
			sourceTree = "<group>";
		};
/* End PBXGroup section */

/* Begin PBXHeadersBuildPhase section */
		B40AF0F72B689FFD0058194C /* Headers */ = {
			isa = PBXHeadersBuildPhase;
			buildActionMask = 2147483647;
			files = (
				B40AF10D2B689FFE0058194C /* EssentialFeed.h in Headers */,
			);
			runOnlyForDeploymentPostprocessing = 0;
		};
/* End PBXHeadersBuildPhase section */

/* Begin PBXNativeTarget section */
		B40AF0FB2B689FFD0058194C /* EssentialFeed */ = {
			isa = PBXNativeTarget;
			buildConfigurationList = B40AF1102B689FFE0058194C /* Build configuration list for PBXNativeTarget "EssentialFeed" */;
			buildPhases = (
				B40AF0F72B689FFD0058194C /* Headers */,
				B40AF0F82B689FFD0058194C /* Sources */,
				B40AF0F92B689FFD0058194C /* Frameworks */,
				B40AF0FA2B689FFD0058194C /* Resources */,
			);
			buildRules = (
			);
			dependencies = (
			);
			name = EssentialFeed;
			productName = EssentialFeed;
			productReference = B40AF0FC2B689FFD0058194C /* EssentialFeed.framework */;
			productType = "com.apple.product-type.framework";
		};
		B40AF1052B689FFE0058194C /* EssentialFeedTests */ = {
			isa = PBXNativeTarget;
			buildConfigurationList = B40AF1132B689FFE0058194C /* Build configuration list for PBXNativeTarget "EssentialFeedTests" */;
			buildPhases = (
				B40AF1022B689FFE0058194C /* Sources */,
				B40AF1032B689FFE0058194C /* Frameworks */,
				B40AF1042B689FFE0058194C /* Resources */,
			);
			buildRules = (
			);
			dependencies = (
				B40AF1092B689FFE0058194C /* PBXTargetDependency */,
			);
			name = EssentialFeedTests;
			productName = EssentialFeedTests;
			productReference = B40AF1062B689FFE0058194C /* EssentialFeedTests.xctest */;
			productType = "com.apple.product-type.bundle.unit-test";
		};
		B40AF18B2B7D4BB70058194C /* EssentialFeedAPIEndToEndTests */ = {
			isa = PBXNativeTarget;
			buildConfigurationList = B40AF1932B7D4BB80058194C /* Build configuration list for PBXNativeTarget "EssentialFeedAPIEndToEndTests" */;
			buildPhases = (
				B40AF1882B7D4BB70058194C /* Sources */,
				B40AF1892B7D4BB70058194C /* Frameworks */,
				B40AF18A2B7D4BB70058194C /* Resources */,
			);
			buildRules = (
			);
			dependencies = (
				B40AF1922B7D4BB80058194C /* PBXTargetDependency */,
			);
			name = EssentialFeedAPIEndToEndTests;
			productName = EssentialFeedAPIEndToEndTests;
			productReference = B40AF18C2B7D4BB70058194C /* EssentialFeedAPIEndToEndTests.xctest */;
			productType = "com.apple.product-type.bundle.unit-test";
		};
/* End PBXNativeTarget section */

/* Begin PBXProject section */
		B40AF0F32B689FFD0058194C /* Project object */ = {
			isa = PBXProject;
			attributes = {
				BuildIndependentTargetsInParallel = 1;
				LastSwiftUpdateCheck = 1520;
				LastUpgradeCheck = 1520;
				TargetAttributes = {
					B40AF0FB2B689FFD0058194C = {
						CreatedOnToolsVersion = 15.2;
					};
					B40AF1052B689FFE0058194C = {
						CreatedOnToolsVersion = 15.2;
					};
					B40AF18B2B7D4BB70058194C = {
						CreatedOnToolsVersion = 15.2;
					};
				};
			};
			buildConfigurationList = B40AF0F62B689FFD0058194C /* Build configuration list for PBXProject "EssentialFeed" */;
			compatibilityVersion = "Xcode 14.0";
			developmentRegion = en;
			hasScannedForEncodings = 0;
			knownRegions = (
				en,
				Base,
			);
			mainGroup = B40AF0F22B689FFD0058194C;
			productRefGroup = B40AF0FD2B689FFD0058194C /* Products */;
			projectDirPath = "";
			projectRoot = "";
			targets = (
				B40AF0FB2B689FFD0058194C /* EssentialFeed */,
				B40AF1052B689FFE0058194C /* EssentialFeedTests */,
				B40AF18B2B7D4BB70058194C /* EssentialFeedAPIEndToEndTests */,
			);
		};
/* End PBXProject section */

/* Begin PBXResourcesBuildPhase section */
		B40AF0FA2B689FFD0058194C /* Resources */ = {
			isa = PBXResourcesBuildPhase;
			buildActionMask = 2147483647;
			files = (
			);
			runOnlyForDeploymentPostprocessing = 0;
		};
		B40AF1042B689FFE0058194C /* Resources */ = {
			isa = PBXResourcesBuildPhase;
			buildActionMask = 2147483647;
			files = (
			);
			runOnlyForDeploymentPostprocessing = 0;
		};
		B40AF18A2B7D4BB70058194C /* Resources */ = {
			isa = PBXResourcesBuildPhase;
			buildActionMask = 2147483647;
			files = (
			);
			runOnlyForDeploymentPostprocessing = 0;
		};
/* End PBXResourcesBuildPhase section */

/* Begin PBXSourcesBuildPhase section */
		B40AF0F82B689FFD0058194C /* Sources */ = {
			isa = PBXSourcesBuildPhase;
			buildActionMask = 2147483647;
			files = (
				B40AF1852B7D1FE90058194C /* URLSessionHTTPClient.swift in Sources */,
				B40AF12E2B69AFA70058194C /* RemoteFeedLoader.swift in Sources */,
				B40AF1302B71C3170058194C /* HTTPClient.swift in Sources */,
				B40AF1192B68A1560058194C /* FeedLoader.swift in Sources */,
				B40AF1322B71C3D00058194C /* FeedItemMapper.swift in Sources */,
				B40AF1172B68A0260058194C /* FeedItem.swift in Sources */,
				B40AF1012B689FFD0058194C /* EssentialFeed.docc in Sources */,
			);
			runOnlyForDeploymentPostprocessing = 0;
		};
		B40AF1022B689FFE0058194C /* Sources */ = {
			isa = PBXSourcesBuildPhase;
			buildActionMask = 2147483647;
			files = (
				B40AF12B2B6927560058194C /* RemoteFeedLoaderTests.swift in Sources */,
				B40AF1832B7C21900058194C /* XCTestCase+MemoryLeakTracking.swift in Sources */,
				B40AF1352B72D0AE0058194C /* URLSessionHTTPClientTests.swift in Sources */,
				B40AF10C2B689FFE0058194C /* EssentialFeedTests.swift in Sources */,
			);
			runOnlyForDeploymentPostprocessing = 0;
		};
		B40AF1882B7D4BB70058194C /* Sources */ = {
			isa = PBXSourcesBuildPhase;
			buildActionMask = 2147483647;
			files = (
				B40AF18F2B7D4BB80058194C /* EssentialFeedAPIEndToEndTests.swift in Sources */,
				B4CECFD02B7FD07F00F7DC20 /* XCTestCase+MemoryLeakTracking.swift in Sources */,
			);
			runOnlyForDeploymentPostprocessing = 0;
		};
/* End PBXSourcesBuildPhase section */

/* Begin PBXTargetDependency section */
		B40AF1092B689FFE0058194C /* PBXTargetDependency */ = {
			isa = PBXTargetDependency;
			target = B40AF0FB2B689FFD0058194C /* EssentialFeed */;
			targetProxy = B40AF1082B689FFE0058194C /* PBXContainerItemProxy */;
		};
		B40AF1922B7D4BB80058194C /* PBXTargetDependency */ = {
			isa = PBXTargetDependency;
			target = B40AF0FB2B689FFD0058194C /* EssentialFeed */;
			targetProxy = B40AF1912B7D4BB80058194C /* PBXContainerItemProxy */;
		};
/* End PBXTargetDependency section */

/* Begin XCBuildConfiguration section */
		B40AF10E2B689FFE0058194C /* Debug */ = {
			isa = XCBuildConfiguration;
			buildSettings = {
				ALWAYS_SEARCH_USER_PATHS = NO;
				ASSETCATALOG_COMPILER_GENERATE_SWIFT_ASSET_SYMBOL_EXTENSIONS = YES;
				CLANG_ANALYZER_NONNULL = YES;
				CLANG_ANALYZER_NUMBER_OBJECT_CONVERSION = YES_AGGRESSIVE;
				CLANG_CXX_LANGUAGE_STANDARD = "gnu++20";
				CLANG_ENABLE_MODULES = YES;
				CLANG_ENABLE_OBJC_ARC = YES;
				CLANG_ENABLE_OBJC_WEAK = YES;
				CLANG_WARN_BLOCK_CAPTURE_AUTORELEASING = YES;
				CLANG_WARN_BOOL_CONVERSION = YES;
				CLANG_WARN_COMMA = YES;
				CLANG_WARN_CONSTANT_CONVERSION = YES;
				CLANG_WARN_DEPRECATED_OBJC_IMPLEMENTATIONS = YES;
				CLANG_WARN_DIRECT_OBJC_ISA_USAGE = YES_ERROR;
				CLANG_WARN_DOCUMENTATION_COMMENTS = YES;
				CLANG_WARN_EMPTY_BODY = YES;
				CLANG_WARN_ENUM_CONVERSION = YES;
				CLANG_WARN_INFINITE_RECURSION = YES;
				CLANG_WARN_INT_CONVERSION = YES;
				CLANG_WARN_NON_LITERAL_NULL_CONVERSION = YES;
				CLANG_WARN_OBJC_IMPLICIT_RETAIN_SELF = YES;
				CLANG_WARN_OBJC_LITERAL_CONVERSION = YES;
				CLANG_WARN_OBJC_ROOT_CLASS = YES_ERROR;
				CLANG_WARN_QUOTED_INCLUDE_IN_FRAMEWORK_HEADER = YES;
				CLANG_WARN_RANGE_LOOP_ANALYSIS = YES;
				CLANG_WARN_STRICT_PROTOTYPES = YES;
				CLANG_WARN_SUSPICIOUS_MOVE = YES;
				CLANG_WARN_UNGUARDED_AVAILABILITY = YES_AGGRESSIVE;
				CLANG_WARN_UNREACHABLE_CODE = YES;
				CLANG_WARN__DUPLICATE_METHOD_MATCH = YES;
				COPY_PHASE_STRIP = NO;
				CURRENT_PROJECT_VERSION = 1;
				DEBUG_INFORMATION_FORMAT = dwarf;
				ENABLE_STRICT_OBJC_MSGSEND = YES;
				ENABLE_TESTABILITY = YES;
				ENABLE_USER_SCRIPT_SANDBOXING = YES;
				GCC_C_LANGUAGE_STANDARD = gnu17;
				GCC_DYNAMIC_NO_PIC = NO;
				GCC_NO_COMMON_BLOCKS = YES;
				GCC_OPTIMIZATION_LEVEL = 0;
				GCC_PREPROCESSOR_DEFINITIONS = (
					"DEBUG=1",
					"$(inherited)",
				);
				GCC_WARN_64_TO_32_BIT_CONVERSION = YES;
				GCC_WARN_ABOUT_RETURN_TYPE = YES_ERROR;
				GCC_WARN_UNDECLARED_SELECTOR = YES;
				GCC_WARN_UNINITIALIZED_AUTOS = YES_AGGRESSIVE;
				GCC_WARN_UNUSED_FUNCTION = YES;
				GCC_WARN_UNUSED_VARIABLE = YES;
				LOCALIZATION_PREFERS_STRING_CATALOGS = YES;
				MACOSX_DEPLOYMENT_TARGET = 13.6;
				MTL_ENABLE_DEBUG_INFO = INCLUDE_SOURCE;
				MTL_FAST_MATH = YES;
				ONLY_ACTIVE_ARCH = YES;
				SDKROOT = macosx;
				SWIFT_ACTIVE_COMPILATION_CONDITIONS = "DEBUG $(inherited)";
				SWIFT_OPTIMIZATION_LEVEL = "-Onone";
				VERSIONING_SYSTEM = "apple-generic";
				VERSION_INFO_PREFIX = "";
			};
			name = Debug;
		};
		B40AF10F2B689FFE0058194C /* Release */ = {
			isa = XCBuildConfiguration;
			buildSettings = {
				ALWAYS_SEARCH_USER_PATHS = NO;
				ASSETCATALOG_COMPILER_GENERATE_SWIFT_ASSET_SYMBOL_EXTENSIONS = YES;
				CLANG_ANALYZER_NONNULL = YES;
				CLANG_ANALYZER_NUMBER_OBJECT_CONVERSION = YES_AGGRESSIVE;
				CLANG_CXX_LANGUAGE_STANDARD = "gnu++20";
				CLANG_ENABLE_MODULES = YES;
				CLANG_ENABLE_OBJC_ARC = YES;
				CLANG_ENABLE_OBJC_WEAK = YES;
				CLANG_WARN_BLOCK_CAPTURE_AUTORELEASING = YES;
				CLANG_WARN_BOOL_CONVERSION = YES;
				CLANG_WARN_COMMA = YES;
				CLANG_WARN_CONSTANT_CONVERSION = YES;
				CLANG_WARN_DEPRECATED_OBJC_IMPLEMENTATIONS = YES;
				CLANG_WARN_DIRECT_OBJC_ISA_USAGE = YES_ERROR;
				CLANG_WARN_DOCUMENTATION_COMMENTS = YES;
				CLANG_WARN_EMPTY_BODY = YES;
				CLANG_WARN_ENUM_CONVERSION = YES;
				CLANG_WARN_INFINITE_RECURSION = YES;
				CLANG_WARN_INT_CONVERSION = YES;
				CLANG_WARN_NON_LITERAL_NULL_CONVERSION = YES;
				CLANG_WARN_OBJC_IMPLICIT_RETAIN_SELF = YES;
				CLANG_WARN_OBJC_LITERAL_CONVERSION = YES;
				CLANG_WARN_OBJC_ROOT_CLASS = YES_ERROR;
				CLANG_WARN_QUOTED_INCLUDE_IN_FRAMEWORK_HEADER = YES;
				CLANG_WARN_RANGE_LOOP_ANALYSIS = YES;
				CLANG_WARN_STRICT_PROTOTYPES = YES;
				CLANG_WARN_SUSPICIOUS_MOVE = YES;
				CLANG_WARN_UNGUARDED_AVAILABILITY = YES_AGGRESSIVE;
				CLANG_WARN_UNREACHABLE_CODE = YES;
				CLANG_WARN__DUPLICATE_METHOD_MATCH = YES;
				COPY_PHASE_STRIP = NO;
				CURRENT_PROJECT_VERSION = 1;
				DEBUG_INFORMATION_FORMAT = "dwarf-with-dsym";
				ENABLE_NS_ASSERTIONS = NO;
				ENABLE_STRICT_OBJC_MSGSEND = YES;
				ENABLE_USER_SCRIPT_SANDBOXING = YES;
				GCC_C_LANGUAGE_STANDARD = gnu17;
				GCC_NO_COMMON_BLOCKS = YES;
				GCC_WARN_64_TO_32_BIT_CONVERSION = YES;
				GCC_WARN_ABOUT_RETURN_TYPE = YES_ERROR;
				GCC_WARN_UNDECLARED_SELECTOR = YES;
				GCC_WARN_UNINITIALIZED_AUTOS = YES_AGGRESSIVE;
				GCC_WARN_UNUSED_FUNCTION = YES;
				GCC_WARN_UNUSED_VARIABLE = YES;
				LOCALIZATION_PREFERS_STRING_CATALOGS = YES;
				MACOSX_DEPLOYMENT_TARGET = 13.6;
				MTL_ENABLE_DEBUG_INFO = NO;
				MTL_FAST_MATH = YES;
				SDKROOT = macosx;
				SWIFT_COMPILATION_MODE = wholemodule;
				VERSIONING_SYSTEM = "apple-generic";
				VERSION_INFO_PREFIX = "";
			};
			name = Release;
		};
		B40AF1112B689FFE0058194C /* Debug */ = {
			isa = XCBuildConfiguration;
			buildSettings = {
				CODE_SIGN_STYLE = Automatic;
				COMBINE_HIDPI_IMAGES = YES;
				CURRENT_PROJECT_VERSION = 1;
				DEFINES_MODULE = YES;
				DEVELOPMENT_TEAM = K4XCB84M6V;
				DYLIB_COMPATIBILITY_VERSION = 1;
				DYLIB_CURRENT_VERSION = 1;
				DYLIB_INSTALL_NAME_BASE = "@rpath";
				ENABLE_MODULE_VERIFIER = YES;
				GENERATE_INFOPLIST_FILE = YES;
				INFOPLIST_KEY_NSHumanReadableCopyright = "";
				INSTALL_PATH = "$(LOCAL_LIBRARY_DIR)/Frameworks";
				LD_RUNPATH_SEARCH_PATHS = (
					"$(inherited)",
					"@executable_path/../Frameworks",
					"@loader_path/Frameworks",
				);
				MARKETING_VERSION = 1.0;
				MODULE_VERIFIER_SUPPORTED_LANGUAGES = "objective-c objective-c++";
				MODULE_VERIFIER_SUPPORTED_LANGUAGE_STANDARDS = "gnu17 gnu++20";
				PRODUCT_BUNDLE_IDENTIFIER = com.streats.EssentialFeed;
				PRODUCT_NAME = "$(TARGET_NAME:c99extidentifier)";
				SKIP_INSTALL = YES;
				SWIFT_EMIT_LOC_STRINGS = YES;
				SWIFT_VERSION = 5.0;
			};
			name = Debug;
		};
		B40AF1122B689FFE0058194C /* Release */ = {
			isa = XCBuildConfiguration;
			buildSettings = {
				CODE_SIGN_STYLE = Automatic;
				COMBINE_HIDPI_IMAGES = YES;
				CURRENT_PROJECT_VERSION = 1;
				DEFINES_MODULE = YES;
				DEVELOPMENT_TEAM = K4XCB84M6V;
				DYLIB_COMPATIBILITY_VERSION = 1;
				DYLIB_CURRENT_VERSION = 1;
				DYLIB_INSTALL_NAME_BASE = "@rpath";
				ENABLE_MODULE_VERIFIER = YES;
				GENERATE_INFOPLIST_FILE = YES;
				INFOPLIST_KEY_NSHumanReadableCopyright = "";
				INSTALL_PATH = "$(LOCAL_LIBRARY_DIR)/Frameworks";
				LD_RUNPATH_SEARCH_PATHS = (
					"$(inherited)",
					"@executable_path/../Frameworks",
					"@loader_path/Frameworks",
				);
				MARKETING_VERSION = 1.0;
				MODULE_VERIFIER_SUPPORTED_LANGUAGES = "objective-c objective-c++";
				MODULE_VERIFIER_SUPPORTED_LANGUAGE_STANDARDS = "gnu17 gnu++20";
				PRODUCT_BUNDLE_IDENTIFIER = com.streats.EssentialFeed;
				PRODUCT_NAME = "$(TARGET_NAME:c99extidentifier)";
				SKIP_INSTALL = YES;
				SWIFT_EMIT_LOC_STRINGS = YES;
				SWIFT_VERSION = 5.0;
			};
			name = Release;
		};
		B40AF1142B689FFE0058194C /* Debug */ = {
			isa = XCBuildConfiguration;
			buildSettings = {
				ALWAYS_EMBED_SWIFT_STANDARD_LIBRARIES = YES;
				CODE_SIGN_STYLE = Automatic;
				CURRENT_PROJECT_VERSION = 1;
				DEVELOPMENT_TEAM = K4XCB84M6V;
				GENERATE_INFOPLIST_FILE = YES;
				MARKETING_VERSION = 1.0;
				PRODUCT_BUNDLE_IDENTIFIER = com.streats.EssentialFeedTests;
				PRODUCT_NAME = "$(TARGET_NAME)";
				SWIFT_EMIT_LOC_STRINGS = NO;
				SWIFT_VERSION = 5.0;
			};
			name = Debug;
		};
		B40AF1152B689FFE0058194C /* Release */ = {
			isa = XCBuildConfiguration;
			buildSettings = {
				ALWAYS_EMBED_SWIFT_STANDARD_LIBRARIES = YES;
				CODE_SIGN_STYLE = Automatic;
				CURRENT_PROJECT_VERSION = 1;
				DEVELOPMENT_TEAM = K4XCB84M6V;
				GENERATE_INFOPLIST_FILE = YES;
				MARKETING_VERSION = 1.0;
				PRODUCT_BUNDLE_IDENTIFIER = com.streats.EssentialFeedTests;
				PRODUCT_NAME = "$(TARGET_NAME)";
				SWIFT_EMIT_LOC_STRINGS = NO;
				SWIFT_VERSION = 5.0;
			};
			name = Release;
		};
		B40AF1942B7D4BB80058194C /* Debug */ = {
			isa = XCBuildConfiguration;
			buildSettings = {
				CODE_SIGN_STYLE = Automatic;
				CURRENT_PROJECT_VERSION = 1;
				DEVELOPMENT_TEAM = K4XCB84M6V;
				GENERATE_INFOPLIST_FILE = YES;
				MARKETING_VERSION = 1.0;
				PRODUCT_BUNDLE_IDENTIFIER = com.streats.EssentialFeedAPIEndToEndTests;
				PRODUCT_NAME = "$(TARGET_NAME)";
				SWIFT_EMIT_LOC_STRINGS = NO;
				SWIFT_VERSION = 5.0;
			};
			name = Debug;
		};
		B40AF1952B7D4BB80058194C /* Release */ = {
			isa = XCBuildConfiguration;
			buildSettings = {
				CODE_SIGN_STYLE = Automatic;
				CURRENT_PROJECT_VERSION = 1;
				DEVELOPMENT_TEAM = K4XCB84M6V;
				GENERATE_INFOPLIST_FILE = YES;
				MARKETING_VERSION = 1.0;
				PRODUCT_BUNDLE_IDENTIFIER = com.streats.EssentialFeedAPIEndToEndTests;
				PRODUCT_NAME = "$(TARGET_NAME)";
				SWIFT_EMIT_LOC_STRINGS = NO;
				SWIFT_VERSION = 5.0;
			};
			name = Release;
		};
/* End XCBuildConfiguration section */

/* Begin XCConfigurationList section */
		B40AF0F62B689FFD0058194C /* Build configuration list for PBXProject "EssentialFeed" */ = {
			isa = XCConfigurationList;
			buildConfigurations = (
				B40AF10E2B689FFE0058194C /* Debug */,
				B40AF10F2B689FFE0058194C /* Release */,
			);
			defaultConfigurationIsVisible = 0;
			defaultConfigurationName = Release;
		};
		B40AF1102B689FFE0058194C /* Build configuration list for PBXNativeTarget "EssentialFeed" */ = {
			isa = XCConfigurationList;
			buildConfigurations = (
				B40AF1112B689FFE0058194C /* Debug */,
				B40AF1122B689FFE0058194C /* Release */,
			);
			defaultConfigurationIsVisible = 0;
			defaultConfigurationName = Release;
		};
		B40AF1132B689FFE0058194C /* Build configuration list for PBXNativeTarget "EssentialFeedTests" */ = {
			isa = XCConfigurationList;
			buildConfigurations = (
				B40AF1142B689FFE0058194C /* Debug */,
				B40AF1152B689FFE0058194C /* Release */,
			);
			defaultConfigurationIsVisible = 0;
			defaultConfigurationName = Release;
		};
		B40AF1932B7D4BB80058194C /* Build configuration list for PBXNativeTarget "EssentialFeedAPIEndToEndTests" */ = {
			isa = XCConfigurationList;
			buildConfigurations = (
				B40AF1942B7D4BB80058194C /* Debug */,
				B40AF1952B7D4BB80058194C /* Release */,
			);
			defaultConfigurationIsVisible = 0;
			defaultConfigurationName = Release;
		};
/* End XCConfigurationList section */
	};
	rootObject = B40AF0F32B689FFD0058194C /* Project object */;
}
